
Microsoft Visual Studio Solution File, Format Version 12.00
# Visual Studio Version 17
VisualStudioVersion = 17.9.34723.18
MinimumVisualStudioVersion = 10.0.40219.1
Project("{FAE04EC0-301F-11D3-BF4B-00C04F79EFBC}") = "DemoNET", "DemoNET\DemoNET.csproj", "{6AD14134-2BCD-4DDA-99EB-2BDECCD40B02}"
EndProject
Global
	GlobalSection(SolutionConfigurationPlatforms) = preSolution
		Debug|Any CPU = Debug|Any CPU
		Release|Any CPU = Release|Any CPU
	EndGlobalSection
	GlobalSection(ProjectConfigurationPlatforms) = postSolution
		{6AD14134-2BCD-4DDA-99EB-2BDECCD40B02}.Debug|Any CPU.ActiveCfg = Debug|Any CPU
		{6AD14134-2BCD-4DDA-99EB-2BDECCD40B02}.Debug|Any CPU.Build.0 = Debug|Any CPU
		{6AD14134-2BCD-4DDA-99EB-2BDECCD40B02}.Release|Any CPU.ActiveCfg = Release|Any CPU
		{6AD14134-2BCD-4DDA-99EB-2BDECCD40B02}.Release|Any CPU.Build.0 = Release|Any CPU
	EndGlobalSection
	GlobalSection(SolutionProperties) = preSolution
		HideSolutionNode = FALSE
	EndGlobalSection
	GlobalSection(ExtensibilityGlobals) = postSolution
		SolutionGuid = {C48872E0-FE39-46F7-9C28-AD70F4508CA4}
	EndGlobalSection
EndGlobal
